// !$*UTF8*$!
{
	archiveVersion = 1;
	classes = {
	};
	objectVersion = 51;
	objects = {

/* Begin PBXBuildFile section */
		0A251F6426C8F23A00F46226 /* AbstractErrorParser.swift in Sources */ = {isa = PBXBuildFile; fileRef = 0A251F6326C8F23A00F46226 /* AbstractErrorParser.swift */; };
		0A251F6626C8F29000F46226 /* ErrorParser.swift in Sources */ = {isa = PBXBuildFile; fileRef = 0A251F6526C8F29000F46226 /* ErrorParser.swift */; };
		0A251F6826C8F2AF00F46226 /* RequestRouter.swift in Sources */ = {isa = PBXBuildFile; fileRef = 0A251F6726C8F2AF00F46226 /* RequestRouter.swift */; };
		0A251F6A26C8F36F00F46226 /* AbstractRequestFactory.swift in Sources */ = {isa = PBXBuildFile; fileRef = 0A251F6926C8F36F00F46226 /* AbstractRequestFactory.swift */; };
		0A251F6C26C8F44100F46226 /* ResponseCodable.swift in Sources */ = {isa = PBXBuildFile; fileRef = 0A251F6B26C8F44100F46226 /* ResponseCodable.swift */; };
		0A251F6E26C8F49D00F46226 /* LoginResult.swift in Sources */ = {isa = PBXBuildFile; fileRef = 0A251F6D26C8F49D00F46226 /* LoginResult.swift */; };
		0A251F7026C8F4BC00F46226 /* User.swift in Sources */ = {isa = PBXBuildFile; fileRef = 0A251F6F26C8F4BC00F46226 /* User.swift */; };
		0A251F7326C8F4F600F46226 /* AuthRequestFactory.swift in Sources */ = {isa = PBXBuildFile; fileRef = 0A251F7226C8F4F600F46226 /* AuthRequestFactory.swift */; };
		0A251F7526C8F51600F46226 /* Auth.swift in Sources */ = {isa = PBXBuildFile; fileRef = 0A251F7426C8F51600F46226 /* Auth.swift */; };
		0A251F7726C8F54100F46226 /* RequestFactory.swift in Sources */ = {isa = PBXBuildFile; fileRef = 0A251F7626C8F54100F46226 /* RequestFactory.swift */; };
		0A251F7F26C9032A00F46226 /* UserData.swift in Sources */ = {isa = PBXBuildFile; fileRef = 0A251F7E26C9032A00F46226 /* UserData.swift */; };
		0A31519E26FCFB51006345C2 /* Utils.swift in Sources */ = {isa = PBXBuildFile; fileRef = 0A31519D26FCFB51006345C2 /* Utils.swift */; };
		0A32A5AE2709B3D800C061B2 /* ProductsTableViewController.swift in Sources */ = {isa = PBXBuildFile; fileRef = 0A32A5AD2709B3D800C061B2 /* ProductsTableViewController.swift */; };
		0A32A5B12709C7AD00C061B2 /* ProductTableViewCell.swift in Sources */ = {isa = PBXBuildFile; fileRef = 0A32A5AF2709C7AD00C061B2 /* ProductTableViewCell.swift */; };
		0A32A5B22709C7AD00C061B2 /* ProductTableViewCell.xib in Resources */ = {isa = PBXBuildFile; fileRef = 0A32A5B02709C7AD00C061B2 /* ProductTableViewCell.xib */; };
		0A3623FF26FBAF7C002B31EE /* LoginFormController.swift in Sources */ = {isa = PBXBuildFile; fileRef = 0A3623FE26FBAF7C002B31EE /* LoginFormController.swift */; };
		0A36240226FBB17E002B31EE /* TextFieldWithImage.swift in Sources */ = {isa = PBXBuildFile; fileRef = 0A36240126FBB17E002B31EE /* TextFieldWithImage.swift */; };
		0A36240426FBB247002B31EE /* SignInButton.swift in Sources */ = {isa = PBXBuildFile; fileRef = 0A36240326FBB247002B31EE /* SignInButton.swift */; };
		0A36240726FBB288002B31EE /* Ext+UIColor.swift in Sources */ = {isa = PBXBuildFile; fileRef = 0A36240626FBB288002B31EE /* Ext+UIColor.swift */; };
		0A36240926FBC48E002B31EE /* SignupViewController.swift in Sources */ = {isa = PBXBuildFile; fileRef = 0A36240826FBC48E002B31EE /* SignupViewController.swift */; };
		0A36240B26FBD33B002B31EE /* EditUserDataViewController.swift in Sources */ = {isa = PBXBuildFile; fileRef = 0A36240A26FBD33B002B31EE /* EditUserDataViewController.swift */; };
		0A3C740A26E37206008CACBA /* ProductReviewsResult.swift in Sources */ = {isa = PBXBuildFile; fileRef = 0A3C740926E37206008CACBA /* ProductReviewsResult.swift */; };
		0A3C740C26E3722D008CACBA /* Review.swift in Sources */ = {isa = PBXBuildFile; fileRef = 0A3C740B26E3722D008CACBA /* Review.swift */; };
		0A783F6026F5E9CE00F976C2 /* DefaultResult.swift in Sources */ = {isa = PBXBuildFile; fileRef = 0A783F5F26F5E9CE00F976C2 /* DefaultResult.swift */; };
		0A783F6226F5EA5F00F976C2 /* ResultWithMessage.swift in Sources */ = {isa = PBXBuildFile; fileRef = 0A783F6126F5EA5F00F976C2 /* ResultWithMessage.swift */; };
		0A783F6426F5EC9F00F976C2 /* BasketRequestFactory.swift in Sources */ = {isa = PBXBuildFile; fileRef = 0A783F6326F5EC9F00F976C2 /* BasketRequestFactory.swift */; };
		0A783F6626F5EDB700F976C2 /* BasketManager.swift in Sources */ = {isa = PBXBuildFile; fileRef = 0A783F6526F5EDB700F976C2 /* BasketManager.swift */; };
		0AAE38FA26CEB67B00873823 /* CatalogRequestFactory.swift in Sources */ = {isa = PBXBuildFile; fileRef = 0AAE38F926CEB67B00873823 /* CatalogRequestFactory.swift */; };
		0AAE38FC26CEB70700873823 /* Product.swift in Sources */ = {isa = PBXBuildFile; fileRef = 0AAE38FB26CEB70700873823 /* Product.swift */; };
		0AAE390026CEB85800873823 /* CatalogManager.swift in Sources */ = {isa = PBXBuildFile; fileRef = 0AAE38FF26CEB85800873823 /* CatalogManager.swift */; };
		0AAE390526CEBD3700873823 /* ProductByIdResult.swift in Sources */ = {isa = PBXBuildFile; fileRef = 0AAE390426CEBD3700873823 /* ProductByIdResult.swift */; };
		0ACB0A6826DE863700798B0D /* ReviewManager.swift in Sources */ = {isa = PBXBuildFile; fileRef = 0ACB0A6726DE863700798B0D /* ReviewManager.swift */; };
		0ACB0A6A26DE865100798B0D /* ReviewRequestFactory.swift in Sources */ = {isa = PBXBuildFile; fileRef = 0ACB0A6926DE865100798B0D /* ReviewRequestFactory.swift */; };
		0AD0D2BA26D586ED00E7D98F /* Logger.swift in Sources */ = {isa = PBXBuildFile; fileRef = 0AD0D2B926D586ED00E7D98F /* Logger.swift */; };
		0AE12C53270F5AB4006D18D5 /* ProductDetailViewController.swift in Sources */ = {isa = PBXBuildFile; fileRef = 0AE12C52270F5AB4006D18D5 /* ProductDetailViewController.swift */; };
		0AE12C56270F5D8F006D18D5 /* ProductDetailView.swift in Sources */ = {isa = PBXBuildFile; fileRef = 0AE12C55270F5D8F006D18D5 /* ProductDetailView.swift */; };
		0AE12C5A270F5E07006D18D5 /* UIPreviewView.swift in Sources */ = {isa = PBXBuildFile; fileRef = 0AE12C59270F5E07006D18D5 /* UIPreviewView.swift */; };
		0AE12C5C270F64EE006D18D5 /* ProductInfoView.swift in Sources */ = {isa = PBXBuildFile; fileRef = 0AE12C5B270F64EE006D18D5 /* ProductInfoView.swift */; };
		0AE12C5F270F7C60006D18D5 /* ReviewTableViewCell.swift in Sources */ = {isa = PBXBuildFile; fileRef = 0AE12C5D270F7C60006D18D5 /* ReviewTableViewCell.swift */; };
		0AE12C60270F7C60006D18D5 /* ReviewTableViewCell.xib in Resources */ = {isa = PBXBuildFile; fileRef = 0AE12C5E270F7C60006D18D5 /* ReviewTableViewCell.xib */; };
		0AEA84B026BA686900D4DF77 /* AppDelegate.swift in Sources */ = {isa = PBXBuildFile; fileRef = 0AEA84AF26BA686900D4DF77 /* AppDelegate.swift */; };
		0AEA84B226BA686900D4DF77 /* SceneDelegate.swift in Sources */ = {isa = PBXBuildFile; fileRef = 0AEA84B126BA686900D4DF77 /* SceneDelegate.swift */; };
		0AEA84B426BA686900D4DF77 /* ViewController.swift in Sources */ = {isa = PBXBuildFile; fileRef = 0AEA84B326BA686900D4DF77 /* ViewController.swift */; };
		0AEA84B726BA686900D4DF77 /* Main.storyboard in Resources */ = {isa = PBXBuildFile; fileRef = 0AEA84B526BA686900D4DF77 /* Main.storyboard */; };
		0AEA84B926BA686B00D4DF77 /* Assets.xcassets in Resources */ = {isa = PBXBuildFile; fileRef = 0AEA84B826BA686B00D4DF77 /* Assets.xcassets */; };
		0AEA84BC26BA686B00D4DF77 /* LaunchScreen.storyboard in Resources */ = {isa = PBXBuildFile; fileRef = 0AEA84BA26BA686B00D4DF77 /* LaunchScreen.storyboard */; };
		0AEA84C726BA686B00D4DF77 /* OnlineStoreTests.swift in Sources */ = {isa = PBXBuildFile; fileRef = 0AEA84C626BA686B00D4DF77 /* OnlineStoreTests.swift */; };
		0AEA84D226BA686B00D4DF77 /* OnlineStoreUITests.swift in Sources */ = {isa = PBXBuildFile; fileRef = 0AEA84D126BA686B00D4DF77 /* OnlineStoreUITests.swift */; };
		875D7B1FEC31A262A411B54A /* Pods_OnlineStoreTests.framework in Frameworks */ = {isa = PBXBuildFile; fileRef = 3933FDC2DAB01160224219A3 /* Pods_OnlineStoreTests.framework */; };
		962281471AEDFEE3C7A27C58 /* Pods_OnlineStore_OnlineStoreUITests.framework in Frameworks */ = {isa = PBXBuildFile; fileRef = D985C80510F68B6D1E8B9A7A /* Pods_OnlineStore_OnlineStoreUITests.framework */; };
		DC51FCCBBA7BC09906A25E47 /* Pods_OnlineStore.framework in Frameworks */ = {isa = PBXBuildFile; fileRef = E9E2098823E4CE97376BC863 /* Pods_OnlineStore.framework */; };
/* End PBXBuildFile section */

/* Begin PBXContainerItemProxy section */
		0AEA84C326BA686B00D4DF77 /* PBXContainerItemProxy */ = {
			isa = PBXContainerItemProxy;
			containerPortal = 0AEA84A426BA686900D4DF77 /* Project object */;
			proxyType = 1;
			remoteGlobalIDString = 0AEA84AB26BA686900D4DF77;
			remoteInfo = OnlineStore;
		};
		0AEA84CE26BA686B00D4DF77 /* PBXContainerItemProxy */ = {
			isa = PBXContainerItemProxy;
			containerPortal = 0AEA84A426BA686900D4DF77 /* Project object */;
			proxyType = 1;
			remoteGlobalIDString = 0AEA84AB26BA686900D4DF77;
			remoteInfo = OnlineStore;
		};
/* End PBXContainerItemProxy section */

/* Begin PBXFileReference section */
		0A251F6326C8F23A00F46226 /* AbstractErrorParser.swift */ = {isa = PBXFileReference; lastKnownFileType = sourcecode.swift; path = AbstractErrorParser.swift; sourceTree = "<group>"; };
		0A251F6526C8F29000F46226 /* ErrorParser.swift */ = {isa = PBXFileReference; lastKnownFileType = sourcecode.swift; path = ErrorParser.swift; sourceTree = "<group>"; };
		0A251F6726C8F2AF00F46226 /* RequestRouter.swift */ = {isa = PBXFileReference; lastKnownFileType = sourcecode.swift; path = RequestRouter.swift; sourceTree = "<group>"; };
		0A251F6926C8F36F00F46226 /* AbstractRequestFactory.swift */ = {isa = PBXFileReference; lastKnownFileType = sourcecode.swift; path = AbstractRequestFactory.swift; sourceTree = "<group>"; };
		0A251F6B26C8F44100F46226 /* ResponseCodable.swift */ = {isa = PBXFileReference; lastKnownFileType = sourcecode.swift; path = ResponseCodable.swift; sourceTree = "<group>"; };
		0A251F6D26C8F49D00F46226 /* LoginResult.swift */ = {isa = PBXFileReference; lastKnownFileType = sourcecode.swift; path = LoginResult.swift; sourceTree = "<group>"; };
		0A251F6F26C8F4BC00F46226 /* User.swift */ = {isa = PBXFileReference; lastKnownFileType = sourcecode.swift; path = User.swift; sourceTree = "<group>"; };
		0A251F7226C8F4F600F46226 /* AuthRequestFactory.swift */ = {isa = PBXFileReference; lastKnownFileType = sourcecode.swift; path = AuthRequestFactory.swift; sourceTree = "<group>"; };
		0A251F7426C8F51600F46226 /* Auth.swift */ = {isa = PBXFileReference; lastKnownFileType = sourcecode.swift; path = Auth.swift; sourceTree = "<group>"; };
		0A251F7626C8F54100F46226 /* RequestFactory.swift */ = {isa = PBXFileReference; lastKnownFileType = sourcecode.swift; path = RequestFactory.swift; sourceTree = "<group>"; };
		0A251F7E26C9032A00F46226 /* UserData.swift */ = {isa = PBXFileReference; lastKnownFileType = sourcecode.swift; path = UserData.swift; sourceTree = "<group>"; };
		0A31519D26FCFB51006345C2 /* Utils.swift */ = {isa = PBXFileReference; lastKnownFileType = sourcecode.swift; path = Utils.swift; sourceTree = "<group>"; };
		0A32A5AD2709B3D800C061B2 /* ProductsTableViewController.swift */ = {isa = PBXFileReference; lastKnownFileType = sourcecode.swift; path = ProductsTableViewController.swift; sourceTree = "<group>"; };
		0A32A5AF2709C7AD00C061B2 /* ProductTableViewCell.swift */ = {isa = PBXFileReference; lastKnownFileType = sourcecode.swift; path = ProductTableViewCell.swift; sourceTree = "<group>"; };
		0A32A5B02709C7AD00C061B2 /* ProductTableViewCell.xib */ = {isa = PBXFileReference; lastKnownFileType = file.xib; path = ProductTableViewCell.xib; sourceTree = "<group>"; };
		0A3623FE26FBAF7C002B31EE /* LoginFormController.swift */ = {isa = PBXFileReference; lastKnownFileType = sourcecode.swift; path = LoginFormController.swift; sourceTree = "<group>"; };
		0A36240126FBB17E002B31EE /* TextFieldWithImage.swift */ = {isa = PBXFileReference; lastKnownFileType = sourcecode.swift; path = TextFieldWithImage.swift; sourceTree = "<group>"; };
		0A36240326FBB247002B31EE /* SignInButton.swift */ = {isa = PBXFileReference; lastKnownFileType = sourcecode.swift; path = SignInButton.swift; sourceTree = "<group>"; };
		0A36240626FBB288002B31EE /* Ext+UIColor.swift */ = {isa = PBXFileReference; lastKnownFileType = sourcecode.swift; path = "Ext+UIColor.swift"; sourceTree = "<group>"; };
		0A36240826FBC48E002B31EE /* SignupViewController.swift */ = {isa = PBXFileReference; lastKnownFileType = sourcecode.swift; path = SignupViewController.swift; sourceTree = "<group>"; };
		0A36240A26FBD33B002B31EE /* EditUserDataViewController.swift */ = {isa = PBXFileReference; lastKnownFileType = sourcecode.swift; path = EditUserDataViewController.swift; sourceTree = "<group>"; };
		0A3C740926E37206008CACBA /* ProductReviewsResult.swift */ = {isa = PBXFileReference; lastKnownFileType = sourcecode.swift; path = ProductReviewsResult.swift; sourceTree = "<group>"; };
		0A3C740B26E3722D008CACBA /* Review.swift */ = {isa = PBXFileReference; lastKnownFileType = sourcecode.swift; path = Review.swift; sourceTree = "<group>"; };
		0A783F5F26F5E9CE00F976C2 /* DefaultResult.swift */ = {isa = PBXFileReference; lastKnownFileType = sourcecode.swift; path = DefaultResult.swift; sourceTree = "<group>"; };
		0A783F6126F5EA5F00F976C2 /* ResultWithMessage.swift */ = {isa = PBXFileReference; lastKnownFileType = sourcecode.swift; path = ResultWithMessage.swift; sourceTree = "<group>"; };
		0A783F6326F5EC9F00F976C2 /* BasketRequestFactory.swift */ = {isa = PBXFileReference; lastKnownFileType = sourcecode.swift; path = BasketRequestFactory.swift; sourceTree = "<group>"; };
		0A783F6526F5EDB700F976C2 /* BasketManager.swift */ = {isa = PBXFileReference; lastKnownFileType = sourcecode.swift; path = BasketManager.swift; sourceTree = "<group>"; };
		0AAE38F926CEB67B00873823 /* CatalogRequestFactory.swift */ = {isa = PBXFileReference; lastKnownFileType = sourcecode.swift; path = CatalogRequestFactory.swift; sourceTree = "<group>"; };
		0AAE38FB26CEB70700873823 /* Product.swift */ = {isa = PBXFileReference; lastKnownFileType = sourcecode.swift; path = Product.swift; sourceTree = "<group>"; };
		0AAE38FF26CEB85800873823 /* CatalogManager.swift */ = {isa = PBXFileReference; lastKnownFileType = sourcecode.swift; path = CatalogManager.swift; sourceTree = "<group>"; };
		0AAE390426CEBD3700873823 /* ProductByIdResult.swift */ = {isa = PBXFileReference; lastKnownFileType = sourcecode.swift; path = ProductByIdResult.swift; sourceTree = "<group>"; };
		0AAE390726CED5CC00873823 /* OnlineStore.xctestplan */ = {isa = PBXFileReference; lastKnownFileType = text; name = OnlineStore.xctestplan; path = /Users/dmitry/Desktop/GBShop/OnlineStore/OnlineStore/Resources/OnlineStore.xctestplan; sourceTree = "<absolute>"; };
		0AAE390826CED6B100873823 /* Unit.xctestplan */ = {isa = PBXFileReference; lastKnownFileType = text; path = Unit.xctestplan; sourceTree = "<group>"; };
		0AAE390926CED6D700873823 /* UI.xctestplan */ = {isa = PBXFileReference; lastKnownFileType = text; path = UI.xctestplan; sourceTree = "<group>"; };
		0ACB0A6726DE863700798B0D /* ReviewManager.swift */ = {isa = PBXFileReference; lastKnownFileType = sourcecode.swift; path = ReviewManager.swift; sourceTree = "<group>"; };
		0ACB0A6926DE865100798B0D /* ReviewRequestFactory.swift */ = {isa = PBXFileReference; lastKnownFileType = sourcecode.swift; path = ReviewRequestFactory.swift; sourceTree = "<group>"; };
		0AD0D2B926D586ED00E7D98F /* Logger.swift */ = {isa = PBXFileReference; lastKnownFileType = sourcecode.swift; path = Logger.swift; sourceTree = "<group>"; };
		0AE12C52270F5AB4006D18D5 /* ProductDetailViewController.swift */ = {isa = PBXFileReference; lastKnownFileType = sourcecode.swift; path = ProductDetailViewController.swift; sourceTree = "<group>"; };
		0AE12C55270F5D8F006D18D5 /* ProductDetailView.swift */ = {isa = PBXFileReference; lastKnownFileType = sourcecode.swift; path = ProductDetailView.swift; sourceTree = "<group>"; };
		0AE12C59270F5E07006D18D5 /* UIPreviewView.swift */ = {isa = PBXFileReference; lastKnownFileType = sourcecode.swift; path = UIPreviewView.swift; sourceTree = "<group>"; };
		0AE12C5B270F64EE006D18D5 /* ProductInfoView.swift */ = {isa = PBXFileReference; lastKnownFileType = sourcecode.swift; path = ProductInfoView.swift; sourceTree = "<group>"; };
		0AE12C5D270F7C60006D18D5 /* ReviewTableViewCell.swift */ = {isa = PBXFileReference; lastKnownFileType = sourcecode.swift; path = ReviewTableViewCell.swift; sourceTree = "<group>"; };
		0AE12C5E270F7C60006D18D5 /* ReviewTableViewCell.xib */ = {isa = PBXFileReference; lastKnownFileType = file.xib; path = ReviewTableViewCell.xib; sourceTree = "<group>"; };
		0AEA84AC26BA686900D4DF77 /* OnlineStore.app */ = {isa = PBXFileReference; explicitFileType = wrapper.application; includeInIndex = 0; path = OnlineStore.app; sourceTree = BUILT_PRODUCTS_DIR; };
		0AEA84AF26BA686900D4DF77 /* AppDelegate.swift */ = {isa = PBXFileReference; lastKnownFileType = sourcecode.swift; path = AppDelegate.swift; sourceTree = "<group>"; };
		0AEA84B126BA686900D4DF77 /* SceneDelegate.swift */ = {isa = PBXFileReference; lastKnownFileType = sourcecode.swift; path = SceneDelegate.swift; sourceTree = "<group>"; };
		0AEA84B326BA686900D4DF77 /* ViewController.swift */ = {isa = PBXFileReference; lastKnownFileType = sourcecode.swift; path = ViewController.swift; sourceTree = "<group>"; };
		0AEA84B626BA686900D4DF77 /* Base */ = {isa = PBXFileReference; lastKnownFileType = file.storyboard; name = Base; path = Base.lproj/Main.storyboard; sourceTree = "<group>"; };
		0AEA84B826BA686B00D4DF77 /* Assets.xcassets */ = {isa = PBXFileReference; lastKnownFileType = folder.assetcatalog; path = Assets.xcassets; sourceTree = "<group>"; };
		0AEA84BB26BA686B00D4DF77 /* Base */ = {isa = PBXFileReference; lastKnownFileType = file.storyboard; name = Base; path = Base.lproj/LaunchScreen.storyboard; sourceTree = "<group>"; };
		0AEA84BD26BA686B00D4DF77 /* Info.plist */ = {isa = PBXFileReference; lastKnownFileType = text.plist.xml; path = Info.plist; sourceTree = "<group>"; };
		0AEA84C226BA686B00D4DF77 /* OnlineStoreTests.xctest */ = {isa = PBXFileReference; explicitFileType = wrapper.cfbundle; includeInIndex = 0; path = OnlineStoreTests.xctest; sourceTree = BUILT_PRODUCTS_DIR; };
		0AEA84C626BA686B00D4DF77 /* OnlineStoreTests.swift */ = {isa = PBXFileReference; lastKnownFileType = sourcecode.swift; path = OnlineStoreTests.swift; sourceTree = "<group>"; };
		0AEA84C826BA686B00D4DF77 /* Info.plist */ = {isa = PBXFileReference; lastKnownFileType = text.plist.xml; path = Info.plist; sourceTree = "<group>"; };
		0AEA84CD26BA686B00D4DF77 /* OnlineStoreUITests.xctest */ = {isa = PBXFileReference; explicitFileType = wrapper.cfbundle; includeInIndex = 0; path = OnlineStoreUITests.xctest; sourceTree = BUILT_PRODUCTS_DIR; };
		0AEA84D126BA686B00D4DF77 /* OnlineStoreUITests.swift */ = {isa = PBXFileReference; lastKnownFileType = sourcecode.swift; path = OnlineStoreUITests.swift; sourceTree = "<group>"; };
		0AEA84D326BA686B00D4DF77 /* Info.plist */ = {isa = PBXFileReference; lastKnownFileType = text.plist.xml; path = Info.plist; sourceTree = "<group>"; };
		172B178969BBFB1697D02015 /* Pods-OnlineStore.debug.xcconfig */ = {isa = PBXFileReference; includeInIndex = 1; lastKnownFileType = text.xcconfig; name = "Pods-OnlineStore.debug.xcconfig"; path = "Target Support Files/Pods-OnlineStore/Pods-OnlineStore.debug.xcconfig"; sourceTree = "<group>"; };
		3933FDC2DAB01160224219A3 /* Pods_OnlineStoreTests.framework */ = {isa = PBXFileReference; explicitFileType = wrapper.framework; includeInIndex = 0; path = Pods_OnlineStoreTests.framework; sourceTree = BUILT_PRODUCTS_DIR; };
		881A9939201AA5E7D9E9DA5C /* Pods-OnlineStore-OnlineStoreUITests.release.xcconfig */ = {isa = PBXFileReference; includeInIndex = 1; lastKnownFileType = text.xcconfig; name = "Pods-OnlineStore-OnlineStoreUITests.release.xcconfig"; path = "Target Support Files/Pods-OnlineStore-OnlineStoreUITests/Pods-OnlineStore-OnlineStoreUITests.release.xcconfig"; sourceTree = "<group>"; };
		8E1458E490035FCBD23E7FB9 /* Pods-OnlineStoreTests.debug.xcconfig */ = {isa = PBXFileReference; includeInIndex = 1; lastKnownFileType = text.xcconfig; name = "Pods-OnlineStoreTests.debug.xcconfig"; path = "Target Support Files/Pods-OnlineStoreTests/Pods-OnlineStoreTests.debug.xcconfig"; sourceTree = "<group>"; };
		A02080AE10D87023240D212D /* Pods-OnlineStore-OnlineStoreUITests.debug.xcconfig */ = {isa = PBXFileReference; includeInIndex = 1; lastKnownFileType = text.xcconfig; name = "Pods-OnlineStore-OnlineStoreUITests.debug.xcconfig"; path = "Target Support Files/Pods-OnlineStore-OnlineStoreUITests/Pods-OnlineStore-OnlineStoreUITests.debug.xcconfig"; sourceTree = "<group>"; };
		AAC3219C388601719485C6F0 /* Pods-OnlineStoreTests.release.xcconfig */ = {isa = PBXFileReference; includeInIndex = 1; lastKnownFileType = text.xcconfig; name = "Pods-OnlineStoreTests.release.xcconfig"; path = "Target Support Files/Pods-OnlineStoreTests/Pods-OnlineStoreTests.release.xcconfig"; sourceTree = "<group>"; };
		C012D38D57D01F121E0EEB22 /* Pods-OnlineStore.release.xcconfig */ = {isa = PBXFileReference; includeInIndex = 1; lastKnownFileType = text.xcconfig; name = "Pods-OnlineStore.release.xcconfig"; path = "Target Support Files/Pods-OnlineStore/Pods-OnlineStore.release.xcconfig"; sourceTree = "<group>"; };
		D985C80510F68B6D1E8B9A7A /* Pods_OnlineStore_OnlineStoreUITests.framework */ = {isa = PBXFileReference; explicitFileType = wrapper.framework; includeInIndex = 0; path = Pods_OnlineStore_OnlineStoreUITests.framework; sourceTree = BUILT_PRODUCTS_DIR; };
		E9E2098823E4CE97376BC863 /* Pods_OnlineStore.framework */ = {isa = PBXFileReference; explicitFileType = wrapper.framework; includeInIndex = 0; path = Pods_OnlineStore.framework; sourceTree = BUILT_PRODUCTS_DIR; };
/* End PBXFileReference section */

/* Begin PBXFrameworksBuildPhase section */
		0AEA84A926BA686900D4DF77 /* Frameworks */ = {
			isa = PBXFrameworksBuildPhase;
			buildActionMask = 2147483647;
			files = (
				DC51FCCBBA7BC09906A25E47 /* Pods_OnlineStore.framework in Frameworks */,
			);
			runOnlyForDeploymentPostprocessing = 0;
		};
		0AEA84BF26BA686B00D4DF77 /* Frameworks */ = {
			isa = PBXFrameworksBuildPhase;
			buildActionMask = 2147483647;
			files = (
				875D7B1FEC31A262A411B54A /* Pods_OnlineStoreTests.framework in Frameworks */,
			);
			runOnlyForDeploymentPostprocessing = 0;
		};
		0AEA84CA26BA686B00D4DF77 /* Frameworks */ = {
			isa = PBXFrameworksBuildPhase;
			buildActionMask = 2147483647;
			files = (
				962281471AEDFEE3C7A27C58 /* Pods_OnlineStore_OnlineStoreUITests.framework in Frameworks */,
			);
			runOnlyForDeploymentPostprocessing = 0;
		};
/* End PBXFrameworksBuildPhase section */

/* Begin PBXGroup section */
		0A251F6226C8F1A400F46226 /* Network */ = {
			isa = PBXGroup;
			children = (
				0A251F6326C8F23A00F46226 /* AbstractErrorParser.swift */,
				0A251F6526C8F29000F46226 /* ErrorParser.swift */,
				0A251F6B26C8F44100F46226 /* ResponseCodable.swift */,
				0A251F6926C8F36F00F46226 /* AbstractRequestFactory.swift */,
				0A251F6726C8F2AF00F46226 /* RequestRouter.swift */,
			);
			path = Network;
			sourceTree = "<group>";
		};
		0A251F7126C8F4E200F46226 /* Network */ = {
			isa = PBXGroup;
			children = (
				0A251F7626C8F54100F46226 /* RequestFactory.swift */,
				0A251F7226C8F4F600F46226 /* AuthRequestFactory.swift */,
				0A251F7426C8F51600F46226 /* Auth.swift */,
				0AAE38F926CEB67B00873823 /* CatalogRequestFactory.swift */,
				0AAE38FF26CEB85800873823 /* CatalogManager.swift */,
				0ACB0A6926DE865100798B0D /* ReviewRequestFactory.swift */,
				0ACB0A6726DE863700798B0D /* ReviewManager.swift */,
				0A783F6326F5EC9F00F976C2 /* BasketRequestFactory.swift */,
				0A783F6526F5EDB700F976C2 /* BasketManager.swift */,
			);
			path = Network;
			sourceTree = "<group>";
		};
		0A32A5AC2709B39900C061B2 /* Cells */ = {
			isa = PBXGroup;
			children = (
				0A32A5AF2709C7AD00C061B2 /* ProductTableViewCell.swift */,
				0A32A5B02709C7AD00C061B2 /* ProductTableViewCell.xib */,
			);
			path = Cells;
			sourceTree = "<group>";
		};
		0A36240026FBB151002B31EE /* CustomItemsUI */ = {
			isa = PBXGroup;
			children = (
				0A36240126FBB17E002B31EE /* TextFieldWithImage.swift */,
				0A36240326FBB247002B31EE /* SignInButton.swift */,
			);
			path = CustomItemsUI;
			sourceTree = "<group>";
		};
		0A36240526FBB261002B31EE /* Extensions */ = {
			isa = PBXGroup;
			children = (
				0A36240626FBB288002B31EE /* Ext+UIColor.swift */,
			);
			path = Extensions;
			sourceTree = "<group>";
		};
		0A5BB6182710959400C78583 /* ProductDetail */ = {
			isa = PBXGroup;
			children = (
				0A5BB619271095CA00C78583 /* Cell */,
				0AE12C54270F5D23006D18D5 /* Views */,
				0AE12C52270F5AB4006D18D5 /* ProductDetailViewController.swift */,
			);
			path = ProductDetail;
			sourceTree = "<group>";
		};
		0A5BB619271095CA00C78583 /* Cell */ = {
			isa = PBXGroup;
			children = (
				0AE12C5D270F7C60006D18D5 /* ReviewTableViewCell.swift */,
				0AE12C5E270F7C60006D18D5 /* ReviewTableViewCell.xib */,
			);
			path = Cell;
			sourceTree = "<group>";
		};
		0A5BB61A271095EC00C78583 /* ProductList */ = {
			isa = PBXGroup;
			children = (
				0A32A5AC2709B39900C061B2 /* Cells */,
				0A32A5AD2709B3D800C061B2 /* ProductsTableViewController.swift */,
			);
			path = ProductList;
			sourceTree = "<group>";
		};
		0AAE390626CECCB100873823 /* RequestResult */ = {
			isa = PBXGroup;
			children = (
				0A251F6D26C8F49D00F46226 /* LoginResult.swift */,
				0AAE390426CEBD3700873823 /* ProductByIdResult.swift */,
				0A3C740926E37206008CACBA /* ProductReviewsResult.swift */,
				0A783F5F26F5E9CE00F976C2 /* DefaultResult.swift */,
				0A783F6126F5EA5F00F976C2 /* ResultWithMessage.swift */,
			);
			path = RequestResult;
			sourceTree = "<group>";
		};
		0AE12C54270F5D23006D18D5 /* Views */ = {
			isa = PBXGroup;
			children = (
				0AE12C55270F5D8F006D18D5 /* ProductDetailView.swift */,
				0AE12C5B270F64EE006D18D5 /* ProductInfoView.swift */,
			);
			path = Views;
			sourceTree = "<group>";
		};
		0AE12C58270F5DF0006D18D5 /* Utils */ = {
			isa = PBXGroup;
			children = (
				0A31519D26FCFB51006345C2 /* Utils.swift */,
				0AE12C59270F5E07006D18D5 /* UIPreviewView.swift */,
			);
			path = Utils;
			sourceTree = "<group>";
		};
		0AEA84A326BA686900D4DF77 = {
			isa = PBXGroup;
			children = (
				0AEA84AE26BA686900D4DF77 /* OnlineStore */,
				0AEA84C526BA686B00D4DF77 /* OnlineStoreTests */,
				0AEA84D026BA686B00D4DF77 /* OnlineStoreUITests */,
				0AEA84AD26BA686900D4DF77 /* Products */,
				49E4EBBFA2FD65FE839393E4 /* Pods */,
				14649D0D9A65B9217F46F0AD /* Frameworks */,
			);
			sourceTree = "<group>";
		};
		0AEA84AD26BA686900D4DF77 /* Products */ = {
			isa = PBXGroup;
			children = (
				0AEA84AC26BA686900D4DF77 /* OnlineStore.app */,
				0AEA84C226BA686B00D4DF77 /* OnlineStoreTests.xctest */,
				0AEA84CD26BA686B00D4DF77 /* OnlineStoreUITests.xctest */,
			);
			name = Products;
			sourceTree = "<group>";
		};
		0AEA84AE26BA686900D4DF77 /* OnlineStore */ = {
			isa = PBXGroup;
			children = (
				0AEA84DF26BA69D000D4DF77 /* App */,
				0AEA84E126BA69EE00D4DF77 /* Resources */,
				0AEA84E226BA69FC00D4DF77 /* Environments */,
			);
			path = OnlineStore;
			sourceTree = "<group>";
		};
		0AEA84C526BA686B00D4DF77 /* OnlineStoreTests */ = {
			isa = PBXGroup;
			children = (
				0AEA84C626BA686B00D4DF77 /* OnlineStoreTests.swift */,
				0AEA84C826BA686B00D4DF77 /* Info.plist */,
			);
			path = OnlineStoreTests;
			sourceTree = "<group>";
		};
		0AEA84D026BA686B00D4DF77 /* OnlineStoreUITests */ = {
			isa = PBXGroup;
			children = (
				0AEA84D126BA686B00D4DF77 /* OnlineStoreUITests.swift */,
				0AEA84D326BA686B00D4DF77 /* Info.plist */,
			);
			path = OnlineStoreUITests;
			sourceTree = "<group>";
		};
		0AEA84DF26BA69D000D4DF77 /* App */ = {
			isa = PBXGroup;
			children = (
				0AEA84AF26BA686900D4DF77 /* AppDelegate.swift */,
				0AEA84B126BA686900D4DF77 /* SceneDelegate.swift */,
				0AEA84E726BA6A3700D4DF77 /* BusinessLogic */,
				0AEA84E526BA6A2200D4DF77 /* Entity */,
				0AEA84E426BA6A1800D4DF77 /* Assembly */,
				0AEA84E326BA6A0A00D4DF77 /* Flows */,
			);
			path = App;
			sourceTree = "<group>";
		};
		0AEA84E026BA69E100D4DF77 /* Core */ = {
			isa = PBXGroup;
			children = (
				0AE12C58270F5DF0006D18D5 /* Utils */,
				0A36240526FBB261002B31EE /* Extensions */,
				0A251F6226C8F1A400F46226 /* Network */,
				0AD0D2B926D586ED00E7D98F /* Logger.swift */,
			);
			path = Core;
			sourceTree = "<group>";
		};
		0AEA84E126BA69EE00D4DF77 /* Resources */ = {
			isa = PBXGroup;
			children = (
				0AEA84B826BA686B00D4DF77 /* Assets.xcassets */,
				0AEA84BA26BA686B00D4DF77 /* LaunchScreen.storyboard */,
				0AAE390726CED5CC00873823 /* OnlineStore.xctestplan */,
				0AAE390826CED6B100873823 /* Unit.xctestplan */,
				0AAE390926CED6D700873823 /* UI.xctestplan */,
			);
			path = Resources;
			sourceTree = "<group>";
		};
		0AEA84E226BA69FC00D4DF77 /* Environments */ = {
			isa = PBXGroup;
			children = (
				0AEA84BD26BA686B00D4DF77 /* Info.plist */,
			);
			path = Environments;
			sourceTree = "<group>";
		};
		0AEA84E326BA6A0A00D4DF77 /* Flows */ = {
			isa = PBXGroup;
			children = (
				0A36240026FBB151002B31EE /* CustomItemsUI */,
				0A5BB61A271095EC00C78583 /* ProductList */,
				0A5BB6182710959400C78583 /* ProductDetail */,
				0AEA84B526BA686900D4DF77 /* Main.storyboard */,
				0AEA84B326BA686900D4DF77 /* ViewController.swift */,
				0A3623FE26FBAF7C002B31EE /* LoginFormController.swift */,
				0A36240826FBC48E002B31EE /* SignupViewController.swift */,
				0A36240A26FBD33B002B31EE /* EditUserDataViewController.swift */,
				0AEA84E026BA69E100D4DF77 /* Core */,
			);
			path = Flows;
			sourceTree = "<group>";
		};
		0AEA84E426BA6A1800D4DF77 /* Assembly */ = {
			isa = PBXGroup;
			children = (
			);
			path = Assembly;
			sourceTree = "<group>";
		};
		0AEA84E526BA6A2200D4DF77 /* Entity */ = {
			isa = PBXGroup;
			children = (
				0A251F6F26C8F4BC00F46226 /* User.swift */,
				0A251F7E26C9032A00F46226 /* UserData.swift */,
				0AAE38FB26CEB70700873823 /* Product.swift */,
				0A3C740B26E3722D008CACBA /* Review.swift */,
				0AAE390626CECCB100873823 /* RequestResult */,
			);
			path = Entity;
			sourceTree = "<group>";
		};
		0AEA84E726BA6A3700D4DF77 /* BusinessLogic */ = {
			isa = PBXGroup;
			children = (
				0A251F7126C8F4E200F46226 /* Network */,
			);
			path = BusinessLogic;
			sourceTree = "<group>";
		};
		14649D0D9A65B9217F46F0AD /* Frameworks */ = {
			isa = PBXGroup;
			children = (
				E9E2098823E4CE97376BC863 /* Pods_OnlineStore.framework */,
				D985C80510F68B6D1E8B9A7A /* Pods_OnlineStore_OnlineStoreUITests.framework */,
				3933FDC2DAB01160224219A3 /* Pods_OnlineStoreTests.framework */,
			);
			name = Frameworks;
			sourceTree = "<group>";
		};
		49E4EBBFA2FD65FE839393E4 /* Pods */ = {
			isa = PBXGroup;
			children = (
				172B178969BBFB1697D02015 /* Pods-OnlineStore.debug.xcconfig */,
				C012D38D57D01F121E0EEB22 /* Pods-OnlineStore.release.xcconfig */,
				A02080AE10D87023240D212D /* Pods-OnlineStore-OnlineStoreUITests.debug.xcconfig */,
				881A9939201AA5E7D9E9DA5C /* Pods-OnlineStore-OnlineStoreUITests.release.xcconfig */,
				8E1458E490035FCBD23E7FB9 /* Pods-OnlineStoreTests.debug.xcconfig */,
				AAC3219C388601719485C6F0 /* Pods-OnlineStoreTests.release.xcconfig */,
			);
			path = Pods;
			sourceTree = "<group>";
		};
/* End PBXGroup section */

/* Begin PBXNativeTarget section */
		0AEA84AB26BA686900D4DF77 /* OnlineStore */ = {
			isa = PBXNativeTarget;
			buildConfigurationList = 0AEA84D626BA686B00D4DF77 /* Build configuration list for PBXNativeTarget "OnlineStore" */;
			buildPhases = (
				D7B46BB625C3476FA4EE0354 /* [CP] Check Pods Manifest.lock */,
				0AEA84A826BA686900D4DF77 /* Sources */,
				0AEA84A926BA686900D4DF77 /* Frameworks */,
				0AEA84AA26BA686900D4DF77 /* Resources */,
				7807ED9C7E87D72834108065 /* [CP] Embed Pods Frameworks */,
			);
			buildRules = (
			);
			dependencies = (
			);
			name = OnlineStore;
			productName = OnlineStore;
			productReference = 0AEA84AC26BA686900D4DF77 /* OnlineStore.app */;
			productType = "com.apple.product-type.application";
		};
		0AEA84C126BA686B00D4DF77 /* OnlineStoreTests */ = {
			isa = PBXNativeTarget;
			buildConfigurationList = 0AEA84D926BA686B00D4DF77 /* Build configuration list for PBXNativeTarget "OnlineStoreTests" */;
			buildPhases = (
				AF133C50B2B9B6EE608CD0D4 /* [CP] Check Pods Manifest.lock */,
				0AEA84BE26BA686B00D4DF77 /* Sources */,
				0AEA84BF26BA686B00D4DF77 /* Frameworks */,
				0AEA84C026BA686B00D4DF77 /* Resources */,
			);
			buildRules = (
			);
			dependencies = (
				0AEA84C426BA686B00D4DF77 /* PBXTargetDependency */,
			);
			name = OnlineStoreTests;
			productName = OnlineStoreTests;
			productReference = 0AEA84C226BA686B00D4DF77 /* OnlineStoreTests.xctest */;
			productType = "com.apple.product-type.bundle.unit-test";
		};
		0AEA84CC26BA686B00D4DF77 /* OnlineStoreUITests */ = {
			isa = PBXNativeTarget;
			buildConfigurationList = 0AEA84DC26BA686B00D4DF77 /* Build configuration list for PBXNativeTarget "OnlineStoreUITests" */;
			buildPhases = (
				75452FB6A04E04BE70F41AB4 /* [CP] Check Pods Manifest.lock */,
				0AEA84C926BA686B00D4DF77 /* Sources */,
				0AEA84CA26BA686B00D4DF77 /* Frameworks */,
				0AEA84CB26BA686B00D4DF77 /* Resources */,
				CFBDFB1B477C470F12495A6E /* [CP] Embed Pods Frameworks */,
			);
			buildRules = (
			);
			dependencies = (
				0AEA84CF26BA686B00D4DF77 /* PBXTargetDependency */,
			);
			name = OnlineStoreUITests;
			productName = OnlineStoreUITests;
			productReference = 0AEA84CD26BA686B00D4DF77 /* OnlineStoreUITests.xctest */;
			productType = "com.apple.product-type.bundle.ui-testing";
		};
/* End PBXNativeTarget section */

/* Begin PBXProject section */
		0AEA84A426BA686900D4DF77 /* Project object */ = {
			isa = PBXProject;
			attributes = {
				LastSwiftUpdateCheck = 1250;
				LastUpgradeCheck = 1250;
				TargetAttributes = {
					0AEA84AB26BA686900D4DF77 = {
						CreatedOnToolsVersion = 12.5.1;
					};
					0AEA84C126BA686B00D4DF77 = {
						CreatedOnToolsVersion = 12.5.1;
						TestTargetID = 0AEA84AB26BA686900D4DF77;
					};
					0AEA84CC26BA686B00D4DF77 = {
						CreatedOnToolsVersion = 12.5.1;
						TestTargetID = 0AEA84AB26BA686900D4DF77;
					};
				};
			};
			buildConfigurationList = 0AEA84A726BA686900D4DF77 /* Build configuration list for PBXProject "OnlineStore" */;
			compatibilityVersion = "Xcode 9.3";
			developmentRegion = en;
			hasScannedForEncodings = 0;
			knownRegions = (
				en,
				Base,
			);
			mainGroup = 0AEA84A326BA686900D4DF77;
			productRefGroup = 0AEA84AD26BA686900D4DF77 /* Products */;
			projectDirPath = "";
			projectRoot = "";
			targets = (
				0AEA84AB26BA686900D4DF77 /* OnlineStore */,
				0AEA84C126BA686B00D4DF77 /* OnlineStoreTests */,
				0AEA84CC26BA686B00D4DF77 /* OnlineStoreUITests */,
			);
		};
/* End PBXProject section */

/* Begin PBXResourcesBuildPhase section */
		0AEA84AA26BA686900D4DF77 /* Resources */ = {
			isa = PBXResourcesBuildPhase;
			buildActionMask = 2147483647;
			files = (
				0AEA84BC26BA686B00D4DF77 /* LaunchScreen.storyboard in Resources */,
				0A32A5B22709C7AD00C061B2 /* ProductTableViewCell.xib in Resources */,
				0AEA84B926BA686B00D4DF77 /* Assets.xcassets in Resources */,
				0AE12C60270F7C60006D18D5 /* ReviewTableViewCell.xib in Resources */,
				0AEA84B726BA686900D4DF77 /* Main.storyboard in Resources */,
			);
			runOnlyForDeploymentPostprocessing = 0;
		};
		0AEA84C026BA686B00D4DF77 /* Resources */ = {
			isa = PBXResourcesBuildPhase;
			buildActionMask = 2147483647;
			files = (
			);
			runOnlyForDeploymentPostprocessing = 0;
		};
		0AEA84CB26BA686B00D4DF77 /* Resources */ = {
			isa = PBXResourcesBuildPhase;
			buildActionMask = 2147483647;
			files = (
			);
			runOnlyForDeploymentPostprocessing = 0;
		};
/* End PBXResourcesBuildPhase section */

/* Begin PBXShellScriptBuildPhase section */
		75452FB6A04E04BE70F41AB4 /* [CP] Check Pods Manifest.lock */ = {
			isa = PBXShellScriptBuildPhase;
			buildActionMask = 2147483647;
			files = (
			);
			inputFileListPaths = (
			);
			inputPaths = (
				"${PODS_PODFILE_DIR_PATH}/Podfile.lock",
				"${PODS_ROOT}/Manifest.lock",
			);
			name = "[CP] Check Pods Manifest.lock";
			outputFileListPaths = (
			);
			outputPaths = (
				"$(DERIVED_FILE_DIR)/Pods-OnlineStore-OnlineStoreUITests-checkManifestLockResult.txt",
			);
			runOnlyForDeploymentPostprocessing = 0;
			shellPath = /bin/sh;
			shellScript = "diff \"${PODS_PODFILE_DIR_PATH}/Podfile.lock\" \"${PODS_ROOT}/Manifest.lock\" > /dev/null\nif [ $? != 0 ] ; then\n    # print error to STDERR\n    echo \"error: The sandbox is not in sync with the Podfile.lock. Run 'pod install' or update your CocoaPods installation.\" >&2\n    exit 1\nfi\n# This output is used by Xcode 'outputs' to avoid re-running this script phase.\necho \"SUCCESS\" > \"${SCRIPT_OUTPUT_FILE_0}\"\n";
			showEnvVarsInLog = 0;
		};
		7807ED9C7E87D72834108065 /* [CP] Embed Pods Frameworks */ = {
			isa = PBXShellScriptBuildPhase;
			buildActionMask = 2147483647;
			files = (
			);
			inputFileListPaths = (
				"${PODS_ROOT}/Target Support Files/Pods-OnlineStore/Pods-OnlineStore-frameworks-${CONFIGURATION}-input-files.xcfilelist",
			);
			name = "[CP] Embed Pods Frameworks";
			outputFileListPaths = (
				"${PODS_ROOT}/Target Support Files/Pods-OnlineStore/Pods-OnlineStore-frameworks-${CONFIGURATION}-output-files.xcfilelist",
			);
			runOnlyForDeploymentPostprocessing = 0;
			shellPath = /bin/sh;
			shellScript = "\"${PODS_ROOT}/Target Support Files/Pods-OnlineStore/Pods-OnlineStore-frameworks.sh\"\n";
			showEnvVarsInLog = 0;
		};
		AF133C50B2B9B6EE608CD0D4 /* [CP] Check Pods Manifest.lock */ = {
			isa = PBXShellScriptBuildPhase;
			buildActionMask = 2147483647;
			files = (
			);
			inputFileListPaths = (
			);
			inputPaths = (
				"${PODS_PODFILE_DIR_PATH}/Podfile.lock",
				"${PODS_ROOT}/Manifest.lock",
			);
			name = "[CP] Check Pods Manifest.lock";
			outputFileListPaths = (
			);
			outputPaths = (
				"$(DERIVED_FILE_DIR)/Pods-OnlineStoreTests-checkManifestLockResult.txt",
			);
			runOnlyForDeploymentPostprocessing = 0;
			shellPath = /bin/sh;
			shellScript = "diff \"${PODS_PODFILE_DIR_PATH}/Podfile.lock\" \"${PODS_ROOT}/Manifest.lock\" > /dev/null\nif [ $? != 0 ] ; then\n    # print error to STDERR\n    echo \"error: The sandbox is not in sync with the Podfile.lock. Run 'pod install' or update your CocoaPods installation.\" >&2\n    exit 1\nfi\n# This output is used by Xcode 'outputs' to avoid re-running this script phase.\necho \"SUCCESS\" > \"${SCRIPT_OUTPUT_FILE_0}\"\n";
			showEnvVarsInLog = 0;
		};
		CFBDFB1B477C470F12495A6E /* [CP] Embed Pods Frameworks */ = {
			isa = PBXShellScriptBuildPhase;
			buildActionMask = 2147483647;
			files = (
			);
			inputFileListPaths = (
				"${PODS_ROOT}/Target Support Files/Pods-OnlineStore-OnlineStoreUITests/Pods-OnlineStore-OnlineStoreUITests-frameworks-${CONFIGURATION}-input-files.xcfilelist",
			);
			name = "[CP] Embed Pods Frameworks";
			outputFileListPaths = (
				"${PODS_ROOT}/Target Support Files/Pods-OnlineStore-OnlineStoreUITests/Pods-OnlineStore-OnlineStoreUITests-frameworks-${CONFIGURATION}-output-files.xcfilelist",
			);
			runOnlyForDeploymentPostprocessing = 0;
			shellPath = /bin/sh;
			shellScript = "\"${PODS_ROOT}/Target Support Files/Pods-OnlineStore-OnlineStoreUITests/Pods-OnlineStore-OnlineStoreUITests-frameworks.sh\"\n";
			showEnvVarsInLog = 0;
		};
		D7B46BB625C3476FA4EE0354 /* [CP] Check Pods Manifest.lock */ = {
			isa = PBXShellScriptBuildPhase;
			buildActionMask = 2147483647;
			files = (
			);
			inputFileListPaths = (
			);
			inputPaths = (
				"${PODS_PODFILE_DIR_PATH}/Podfile.lock",
				"${PODS_ROOT}/Manifest.lock",
			);
			name = "[CP] Check Pods Manifest.lock";
			outputFileListPaths = (
			);
			outputPaths = (
				"$(DERIVED_FILE_DIR)/Pods-OnlineStore-checkManifestLockResult.txt",
			);
			runOnlyForDeploymentPostprocessing = 0;
			shellPath = /bin/sh;
			shellScript = "diff \"${PODS_PODFILE_DIR_PATH}/Podfile.lock\" \"${PODS_ROOT}/Manifest.lock\" > /dev/null\nif [ $? != 0 ] ; then\n    # print error to STDERR\n    echo \"error: The sandbox is not in sync with the Podfile.lock. Run 'pod install' or update your CocoaPods installation.\" >&2\n    exit 1\nfi\n# This output is used by Xcode 'outputs' to avoid re-running this script phase.\necho \"SUCCESS\" > \"${SCRIPT_OUTPUT_FILE_0}\"\n";
			showEnvVarsInLog = 0;
		};
/* End PBXShellScriptBuildPhase section */

/* Begin PBXSourcesBuildPhase section */
		0AEA84A826BA686900D4DF77 /* Sources */ = {
			isa = PBXSourcesBuildPhase;
			buildActionMask = 2147483647;
			files = (
				0AE12C5A270F5E07006D18D5 /* UIPreviewView.swift in Sources */,
				0A251F7326C8F4F600F46226 /* AuthRequestFactory.swift in Sources */,
				0AD0D2BA26D586ED00E7D98F /* Logger.swift in Sources */,
				0A36240226FBB17E002B31EE /* TextFieldWithImage.swift in Sources */,
				0A783F6426F5EC9F00F976C2 /* BasketRequestFactory.swift in Sources */,
				0A251F6A26C8F36F00F46226 /* AbstractRequestFactory.swift in Sources */,
				0AE12C56270F5D8F006D18D5 /* ProductDetailView.swift in Sources */,
				0A36240426FBB247002B31EE /* SignInButton.swift in Sources */,
				0A3C740A26E37206008CACBA /* ProductReviewsResult.swift in Sources */,
				0AAE38FA26CEB67B00873823 /* CatalogRequestFactory.swift in Sources */,
				0ACB0A6826DE863700798B0D /* ReviewManager.swift in Sources */,
				0A31519E26FCFB51006345C2 /* Utils.swift in Sources */,
				0A3C740C26E3722D008CACBA /* Review.swift in Sources */,
				0A36240926FBC48E002B31EE /* SignupViewController.swift in Sources */,
				0A783F6026F5E9CE00F976C2 /* DefaultResult.swift in Sources */,
				0A3623FF26FBAF7C002B31EE /* LoginFormController.swift in Sources */,
				0A32A5AE2709B3D800C061B2 /* ProductsTableViewController.swift in Sources */,
				0AAE390026CEB85800873823 /* CatalogManager.swift in Sources */,
				0A251F6626C8F29000F46226 /* ErrorParser.swift in Sources */,
				0A36240B26FBD33B002B31EE /* EditUserDataViewController.swift in Sources */,
				0A251F7726C8F54100F46226 /* RequestFactory.swift in Sources */,
				0AE12C53270F5AB4006D18D5 /* ProductDetailViewController.swift in Sources */,
				0AEA84B426BA686900D4DF77 /* ViewController.swift in Sources */,
				0A251F6826C8F2AF00F46226 /* RequestRouter.swift in Sources */,
				0AAE390526CEBD3700873823 /* ProductByIdResult.swift in Sources */,
				0A36240726FBB288002B31EE /* Ext+UIColor.swift in Sources */,
				0AEA84B026BA686900D4DF77 /* AppDelegate.swift in Sources */,
				0AEA84B226BA686900D4DF77 /* SceneDelegate.swift in Sources */,
				0ACB0A6A26DE865100798B0D /* ReviewRequestFactory.swift in Sources */,
				0AE12C5F270F7C60006D18D5 /* ReviewTableViewCell.swift in Sources */,
				0A251F6E26C8F49D00F46226 /* LoginResult.swift in Sources */,
				0A251F6426C8F23A00F46226 /* AbstractErrorParser.swift in Sources */,
				0A251F7F26C9032A00F46226 /* UserData.swift in Sources */,
				0AE12C5C270F64EE006D18D5 /* ProductInfoView.swift in Sources */,
				0A32A5B12709C7AD00C061B2 /* ProductTableViewCell.swift in Sources */,
				0A251F7026C8F4BC00F46226 /* User.swift in Sources */,
				0A783F6226F5EA5F00F976C2 /* ResultWithMessage.swift in Sources */,
				0AAE38FC26CEB70700873823 /* Product.swift in Sources */,
				0A783F6626F5EDB700F976C2 /* BasketManager.swift in Sources */,
				0A251F6C26C8F44100F46226 /* ResponseCodable.swift in Sources */,
				0A251F7526C8F51600F46226 /* Auth.swift in Sources */,
			);
			runOnlyForDeploymentPostprocessing = 0;
		};
		0AEA84BE26BA686B00D4DF77 /* Sources */ = {
			isa = PBXSourcesBuildPhase;
			buildActionMask = 2147483647;
			files = (
				0AEA84C726BA686B00D4DF77 /* OnlineStoreTests.swift in Sources */,
			);
			runOnlyForDeploymentPostprocessing = 0;
		};
		0AEA84C926BA686B00D4DF77 /* Sources */ = {
			isa = PBXSourcesBuildPhase;
			buildActionMask = 2147483647;
			files = (
				0AEA84D226BA686B00D4DF77 /* OnlineStoreUITests.swift in Sources */,
			);
			runOnlyForDeploymentPostprocessing = 0;
		};
/* End PBXSourcesBuildPhase section */

/* Begin PBXTargetDependency section */
		0AEA84C426BA686B00D4DF77 /* PBXTargetDependency */ = {
			isa = PBXTargetDependency;
			target = 0AEA84AB26BA686900D4DF77 /* OnlineStore */;
			targetProxy = 0AEA84C326BA686B00D4DF77 /* PBXContainerItemProxy */;
		};
		0AEA84CF26BA686B00D4DF77 /* PBXTargetDependency */ = {
			isa = PBXTargetDependency;
			target = 0AEA84AB26BA686900D4DF77 /* OnlineStore */;
			targetProxy = 0AEA84CE26BA686B00D4DF77 /* PBXContainerItemProxy */;
		};
/* End PBXTargetDependency section */

/* Begin PBXVariantGroup section */
		0AEA84B526BA686900D4DF77 /* Main.storyboard */ = {
			isa = PBXVariantGroup;
			children = (
				0AEA84B626BA686900D4DF77 /* Base */,
			);
			name = Main.storyboard;
			sourceTree = "<group>";
		};
		0AEA84BA26BA686B00D4DF77 /* LaunchScreen.storyboard */ = {
			isa = PBXVariantGroup;
			children = (
				0AEA84BB26BA686B00D4DF77 /* Base */,
			);
			name = LaunchScreen.storyboard;
			sourceTree = "<group>";
		};
/* End PBXVariantGroup section */

/* Begin XCBuildConfiguration section */
		0AEA84D426BA686B00D4DF77 /* Debug */ = {
			isa = XCBuildConfiguration;
			buildSettings = {
				ALWAYS_SEARCH_USER_PATHS = NO;
				CLANG_ANALYZER_NONNULL = YES;
				CLANG_ANALYZER_NUMBER_OBJECT_CONVERSION = YES_AGGRESSIVE;
				CLANG_CXX_LANGUAGE_STANDARD = "gnu++14";
				CLANG_CXX_LIBRARY = "libc++";
				CLANG_ENABLE_MODULES = YES;
				CLANG_ENABLE_OBJC_ARC = YES;
				CLANG_ENABLE_OBJC_WEAK = YES;
				CLANG_WARN_BLOCK_CAPTURE_AUTORELEASING = YES;
				CLANG_WARN_BOOL_CONVERSION = YES;
				CLANG_WARN_COMMA = YES;
				CLANG_WARN_CONSTANT_CONVERSION = YES;
				CLANG_WARN_DEPRECATED_OBJC_IMPLEMENTATIONS = YES;
				CLANG_WARN_DIRECT_OBJC_ISA_USAGE = YES_ERROR;
				CLANG_WARN_DOCUMENTATION_COMMENTS = YES;
				CLANG_WARN_EMPTY_BODY = YES;
				CLANG_WARN_ENUM_CONVERSION = YES;
				CLANG_WARN_INFINITE_RECURSION = YES;
				CLANG_WARN_INT_CONVERSION = YES;
				CLANG_WARN_NON_LITERAL_NULL_CONVERSION = YES;
				CLANG_WARN_OBJC_IMPLICIT_RETAIN_SELF = YES;
				CLANG_WARN_OBJC_LITERAL_CONVERSION = YES;
				CLANG_WARN_OBJC_ROOT_CLASS = YES_ERROR;
				CLANG_WARN_QUOTED_INCLUDE_IN_FRAMEWORK_HEADER = YES;
				CLANG_WARN_RANGE_LOOP_ANALYSIS = YES;
				CLANG_WARN_STRICT_PROTOTYPES = YES;
				CLANG_WARN_SUSPICIOUS_MOVE = YES;
				CLANG_WARN_UNGUARDED_AVAILABILITY = YES_AGGRESSIVE;
				CLANG_WARN_UNREACHABLE_CODE = YES;
				CLANG_WARN__DUPLICATE_METHOD_MATCH = YES;
				COPY_PHASE_STRIP = NO;
				DEBUG_INFORMATION_FORMAT = dwarf;
				ENABLE_STRICT_OBJC_MSGSEND = YES;
				ENABLE_TESTABILITY = YES;
				GCC_C_LANGUAGE_STANDARD = gnu11;
				GCC_DYNAMIC_NO_PIC = NO;
				GCC_NO_COMMON_BLOCKS = YES;
				GCC_OPTIMIZATION_LEVEL = 0;
				GCC_PREPROCESSOR_DEFINITIONS = (
					"DEBUG=1",
					"$(inherited)",
				);
				GCC_WARN_64_TO_32_BIT_CONVERSION = YES;
				GCC_WARN_ABOUT_RETURN_TYPE = YES_ERROR;
				GCC_WARN_UNDECLARED_SELECTOR = YES;
				GCC_WARN_UNINITIALIZED_AUTOS = YES_AGGRESSIVE;
				GCC_WARN_UNUSED_FUNCTION = YES;
				GCC_WARN_UNUSED_VARIABLE = YES;
				IPHONEOS_DEPLOYMENT_TARGET = 14.5;
				MTL_ENABLE_DEBUG_INFO = INCLUDE_SOURCE;
				MTL_FAST_MATH = YES;
				ONLY_ACTIVE_ARCH = YES;
				SDKROOT = iphoneos;
				SWIFT_ACTIVE_COMPILATION_CONDITIONS = DEBUG;
				SWIFT_OPTIMIZATION_LEVEL = "-Onone";
			};
			name = Debug;
		};
		0AEA84D526BA686B00D4DF77 /* Release */ = {
			isa = XCBuildConfiguration;
			buildSettings = {
				ALWAYS_SEARCH_USER_PATHS = NO;
				CLANG_ANALYZER_NONNULL = YES;
				CLANG_ANALYZER_NUMBER_OBJECT_CONVERSION = YES_AGGRESSIVE;
				CLANG_CXX_LANGUAGE_STANDARD = "gnu++14";
				CLANG_CXX_LIBRARY = "libc++";
				CLANG_ENABLE_MODULES = YES;
				CLANG_ENABLE_OBJC_ARC = YES;
				CLANG_ENABLE_OBJC_WEAK = YES;
				CLANG_WARN_BLOCK_CAPTURE_AUTORELEASING = YES;
				CLANG_WARN_BOOL_CONVERSION = YES;
				CLANG_WARN_COMMA = YES;
				CLANG_WARN_CONSTANT_CONVERSION = YES;
				CLANG_WARN_DEPRECATED_OBJC_IMPLEMENTATIONS = YES;
				CLANG_WARN_DIRECT_OBJC_ISA_USAGE = YES_ERROR;
				CLANG_WARN_DOCUMENTATION_COMMENTS = YES;
				CLANG_WARN_EMPTY_BODY = YES;
				CLANG_WARN_ENUM_CONVERSION = YES;
				CLANG_WARN_INFINITE_RECURSION = YES;
				CLANG_WARN_INT_CONVERSION = YES;
				CLANG_WARN_NON_LITERAL_NULL_CONVERSION = YES;
				CLANG_WARN_OBJC_IMPLICIT_RETAIN_SELF = YES;
				CLANG_WARN_OBJC_LITERAL_CONVERSION = YES;
				CLANG_WARN_OBJC_ROOT_CLASS = YES_ERROR;
				CLANG_WARN_QUOTED_INCLUDE_IN_FRAMEWORK_HEADER = YES;
				CLANG_WARN_RANGE_LOOP_ANALYSIS = YES;
				CLANG_WARN_STRICT_PROTOTYPES = YES;
				CLANG_WARN_SUSPICIOUS_MOVE = YES;
				CLANG_WARN_UNGUARDED_AVAILABILITY = YES_AGGRESSIVE;
				CLANG_WARN_UNREACHABLE_CODE = YES;
				CLANG_WARN__DUPLICATE_METHOD_MATCH = YES;
				COPY_PHASE_STRIP = NO;
				DEBUG_INFORMATION_FORMAT = "dwarf-with-dsym";
				ENABLE_NS_ASSERTIONS = NO;
				ENABLE_STRICT_OBJC_MSGSEND = YES;
				GCC_C_LANGUAGE_STANDARD = gnu11;
				GCC_NO_COMMON_BLOCKS = YES;
				GCC_WARN_64_TO_32_BIT_CONVERSION = YES;
				GCC_WARN_ABOUT_RETURN_TYPE = YES_ERROR;
				GCC_WARN_UNDECLARED_SELECTOR = YES;
				GCC_WARN_UNINITIALIZED_AUTOS = YES_AGGRESSIVE;
				GCC_WARN_UNUSED_FUNCTION = YES;
				GCC_WARN_UNUSED_VARIABLE = YES;
				IPHONEOS_DEPLOYMENT_TARGET = 14.5;
				MTL_ENABLE_DEBUG_INFO = NO;
				MTL_FAST_MATH = YES;
				SDKROOT = iphoneos;
				SWIFT_COMPILATION_MODE = wholemodule;
				SWIFT_OPTIMIZATION_LEVEL = "-O";
				VALIDATE_PRODUCT = YES;
			};
			name = Release;
		};
		0AEA84D726BA686B00D4DF77 /* Debug */ = {
			isa = XCBuildConfiguration;
			baseConfigurationReference = 172B178969BBFB1697D02015 /* Pods-OnlineStore.debug.xcconfig */;
			buildSettings = {
				ASSETCATALOG_COMPILER_APPICON_NAME = AppIcon;
				ASSETCATALOG_COMPILER_GLOBAL_ACCENT_COLOR_NAME = AccentColor;
				CODE_SIGN_STYLE = Automatic;
				DEVELOPMENT_TEAM = SN53JF86L5;
				INFOPLIST_FILE = OnlineStore/Environments/Info.plist;
				LD_RUNPATH_SEARCH_PATHS = (
					"$(inherited)",
					"@executable_path/Frameworks",
				);
				PRODUCT_BUNDLE_IDENTIFIER = com.BAJIKNPNR.OnlineStore;
				PRODUCT_NAME = "$(TARGET_NAME)";
				SWIFT_VERSION = 5.0;
				TARGETED_DEVICE_FAMILY = "1,2";
			};
			name = Debug;
		};
		0AEA84D826BA686B00D4DF77 /* Release */ = {
			isa = XCBuildConfiguration;
			baseConfigurationReference = C012D38D57D01F121E0EEB22 /* Pods-OnlineStore.release.xcconfig */;
			buildSettings = {
				ASSETCATALOG_COMPILER_APPICON_NAME = AppIcon;
				ASSETCATALOG_COMPILER_GLOBAL_ACCENT_COLOR_NAME = AccentColor;
				CODE_SIGN_STYLE = Automatic;
				DEVELOPMENT_TEAM = SN53JF86L5;
				INFOPLIST_FILE = OnlineStore/Environments/Info.plist;
				LD_RUNPATH_SEARCH_PATHS = (
					"$(inherited)",
					"@executable_path/Frameworks",
				);
				PRODUCT_BUNDLE_IDENTIFIER = com.BAJIKNPNR.OnlineStore;
				PRODUCT_NAME = "$(TARGET_NAME)";
				SWIFT_VERSION = 5.0;
				TARGETED_DEVICE_FAMILY = "1,2";
			};
			name = Release;
		};
		0AEA84DA26BA686B00D4DF77 /* Debug */ = {
			isa = XCBuildConfiguration;
			baseConfigurationReference = 8E1458E490035FCBD23E7FB9 /* Pods-OnlineStoreTests.debug.xcconfig */;
			buildSettings = {
				ALWAYS_EMBED_SWIFT_STANDARD_LIBRARIES = YES;
				BUNDLE_LOADER = "$(TEST_HOST)";
				CODE_SIGN_STYLE = Automatic;
				DEVELOPMENT_TEAM = SN53JF86L5;
				INFOPLIST_FILE = OnlineStoreTests/Info.plist;
				IPHONEOS_DEPLOYMENT_TARGET = 14.5;
				LD_RUNPATH_SEARCH_PATHS = (
					"$(inherited)",
					"@executable_path/Frameworks",
					"@loader_path/Frameworks",
				);
				PRODUCT_BUNDLE_IDENTIFIER = com.BAJIKNPNR.OnlineStoreTests;
				PRODUCT_NAME = "$(TARGET_NAME)";
				SWIFT_VERSION = 5.0;
				TARGETED_DEVICE_FAMILY = "1,2";
				TEST_HOST = "$(BUILT_PRODUCTS_DIR)/OnlineStore.app/OnlineStore";
			};
			name = Debug;
		};
		0AEA84DB26BA686B00D4DF77 /* Release */ = {
			isa = XCBuildConfiguration;
			baseConfigurationReference = AAC3219C388601719485C6F0 /* Pods-OnlineStoreTests.release.xcconfig */;
			buildSettings = {
				ALWAYS_EMBED_SWIFT_STANDARD_LIBRARIES = YES;
				BUNDLE_LOADER = "$(TEST_HOST)";
				CODE_SIGN_STYLE = Automatic;
				DEVELOPMENT_TEAM = SN53JF86L5;
				INFOPLIST_FILE = OnlineStoreTests/Info.plist;
				IPHONEOS_DEPLOYMENT_TARGET = 14.5;
				LD_RUNPATH_SEARCH_PATHS = (
					"$(inherited)",
					"@executable_path/Frameworks",
					"@loader_path/Frameworks",
				);
				PRODUCT_BUNDLE_IDENTIFIER = com.BAJIKNPNR.OnlineStoreTests;
				PRODUCT_NAME = "$(TARGET_NAME)";
				SWIFT_VERSION = 5.0;
				TARGETED_DEVICE_FAMILY = "1,2";
				TEST_HOST = "$(BUILT_PRODUCTS_DIR)/OnlineStore.app/OnlineStore";
			};
			name = Release;
		};
		0AEA84DD26BA686B00D4DF77 /* Debug */ = {
			isa = XCBuildConfiguration;
			baseConfigurationReference = A02080AE10D87023240D212D /* Pods-OnlineStore-OnlineStoreUITests.debug.xcconfig */;
			buildSettings = {
				ALWAYS_EMBED_SWIFT_STANDARD_LIBRARIES = YES;
				CODE_SIGN_STYLE = Automatic;
				DEVELOPMENT_TEAM = SN53JF86L5;
				INFOPLIST_FILE = OnlineStoreUITests/Info.plist;
				LD_RUNPATH_SEARCH_PATHS = (
					"$(inherited)",
					"@executable_path/Frameworks",
					"@loader_path/Frameworks",
				);
				PRODUCT_BUNDLE_IDENTIFIER = com.BAJIKNPNR.OnlineStoreUITests;
				PRODUCT_NAME = "$(TARGET_NAME)";
				SWIFT_VERSION = 5.0;
				TARGETED_DEVICE_FAMILY = "1,2";
				TEST_TARGET_NAME = OnlineStore;
			};
			name = Debug;
		};
		0AEA84DE26BA686B00D4DF77 /* Release */ = {
			isa = XCBuildConfiguration;
			baseConfigurationReference = 881A9939201AA5E7D9E9DA5C /* Pods-OnlineStore-OnlineStoreUITests.release.xcconfig */;
			buildSettings = {
				ALWAYS_EMBED_SWIFT_STANDARD_LIBRARIES = YES;
				CODE_SIGN_STYLE = Automatic;
				DEVELOPMENT_TEAM = SN53JF86L5;
				INFOPLIST_FILE = OnlineStoreUITests/Info.plist;
				LD_RUNPATH_SEARCH_PATHS = (
					"$(inherited)",
					"@executable_path/Frameworks",
					"@loader_path/Frameworks",
				);
				PRODUCT_BUNDLE_IDENTIFIER = com.BAJIKNPNR.OnlineStoreUITests;
				PRODUCT_NAME = "$(TARGET_NAME)";
				SWIFT_VERSION = 5.0;
				TARGETED_DEVICE_FAMILY = "1,2";
				TEST_TARGET_NAME = OnlineStore;
			};
			name = Release;
		};
/* End XCBuildConfiguration section */

/* Begin XCConfigurationList section */
		0AEA84A726BA686900D4DF77 /* Build configuration list for PBXProject "OnlineStore" */ = {
			isa = XCConfigurationList;
			buildConfigurations = (
				0AEA84D426BA686B00D4DF77 /* Debug */,
				0AEA84D526BA686B00D4DF77 /* Release */,
			);
			defaultConfigurationIsVisible = 0;
			defaultConfigurationName = Release;
		};
		0AEA84D626BA686B00D4DF77 /* Build configuration list for PBXNativeTarget "OnlineStore" */ = {
			isa = XCConfigurationList;
			buildConfigurations = (
				0AEA84D726BA686B00D4DF77 /* Debug */,
				0AEA84D826BA686B00D4DF77 /* Release */,
			);
			defaultConfigurationIsVisible = 0;
			defaultConfigurationName = Release;
		};
		0AEA84D926BA686B00D4DF77 /* Build configuration list for PBXNativeTarget "OnlineStoreTests" */ = {
			isa = XCConfigurationList;
			buildConfigurations = (
				0AEA84DA26BA686B00D4DF77 /* Debug */,
				0AEA84DB26BA686B00D4DF77 /* Release */,
			);
			defaultConfigurationIsVisible = 0;
			defaultConfigurationName = Release;
		};
		0AEA84DC26BA686B00D4DF77 /* Build configuration list for PBXNativeTarget "OnlineStoreUITests" */ = {
			isa = XCConfigurationList;
			buildConfigurations = (
				0AEA84DD26BA686B00D4DF77 /* Debug */,
				0AEA84DE26BA686B00D4DF77 /* Release */,
			);
			defaultConfigurationIsVisible = 0;
			defaultConfigurationName = Release;
		};
/* End XCConfigurationList section */
	};
	rootObject = 0AEA84A426BA686900D4DF77 /* Project object */;
}
